
Microsoft Visual Studio Solution File, Format Version 12.00
Project("{FAE04EC0-301F-11D3-BF4B-00C04F79EFBC}") = "Dictionary", "Dictionary.csproj", "{0E3D34E5-3C95-4073-BFD9-E68B1784D858}"
EndProject
Global
	GlobalSection(SolutionConfigurationPlatforms) = preSolution
		Debug|Any CPU = Debug|Any CPU
		Release|Any CPU = Release|Any CPU
	EndGlobalSection
	GlobalSection(ProjectConfigurationPlatforms) = postSolution
		{0E3D34E5-3C95-4073-BFD9-E68B1784D858}.Debug|Any CPU.ActiveCfg = Debug|Any CPU
		{0E3D34E5-3C95-4073-BFD9-E68B1784D858}.Debug|Any CPU.Build.0 = Debug|Any CPU
		{0E3D34E5-3C95-4073-BFD9-E68B1784D858}.Release|Any CPU.ActiveCfg = Release|Any CPU
		{0E3D34E5-3C95-4073-BFD9-E68B1784D858}.Release|Any CPU.Build.0 = Release|Any CPU
	EndGlobalSection
EndGlobal
